
Microsoft Visual Studio Solution File, Format Version 12.00
# Visual Studio Version 17
VisualStudioVersion = 17.11.35327.3
MinimumVisualStudioVersion = 10.0.40219.1
Project("{FAE04EC0-301F-11D3-BF4B-00C04F79EFBC}") = "APIexample", "APIexample\APIexample.csproj", "{A2F96A78-377B-4F31-A63F-F014C1FEE3F6}"
EndProject
Global
	GlobalSection(SolutionConfigurationPlatforms) = preSolution
		Debug|Any CPU = Debug|Any CPU
		Release|Any CPU = Release|Any CPU
	EndGlobalSection
	GlobalSection(ProjectConfigurationPlatforms) = postSolution
		{A2F96A78-377B-4F31-A63F-F014C1FEE3F6}.Debug|Any CPU.ActiveCfg = Debug|Any CPU
		{A2F96A78-377B-4F31-A63F-F014C1FEE3F6}.Debug|Any CPU.Build.0 = Debug|Any CPU
		{A2F96A78-377B-4F31-A63F-F014C1FEE3F6}.Release|Any CPU.ActiveCfg = Release|Any CPU
		{A2F96A78-377B-4F31-A63F-F014C1FEE3F6}.Release|Any CPU.Build.0 = Release|Any CPU
	EndGlobalSection
	GlobalSection(SolutionProperties) = preSolution
		HideSolutionNode = FALSE
	EndGlobalSection
	GlobalSection(ExtensibilityGlobals) = postSolution
		SolutionGuid = {48E66EFD-E949-4C0F-88B3-1E55965E581F}
	EndGlobalSection
EndGlobal
